dependencies:
  espressif/esp-nn:
    component_hash: 5d99b2991c109211ea5722bae481bbe243dc7e064d9ffd9e5dfa58aba7be9d88
    dependencies:
    - name: idf
      require: private
      version: '>=4.2'
    source:
      registry_url: https://components.espressif.com/
      type: service
    version: 1.1.1
  espressif/esp32-camera:
    component_hash: 074464fa13fdf394242e8c0db973fbb957a28fda0c6949f00738caf84b110117
    dependencies:
    - name: espressif/esp_jpeg
      public: true
      version: ^1.3.0
    source:
      git: https://github.com/espressif/esp32-camera.git
      path: .
      type: git
    version: ed74d59d1bc67a9f0fabd453a99ea6f0d73c09c7
  espressif/esp_jpeg:
    component_hash: defb83669293cbf86d0fa86b475ba5517aceed04ed70db435388c151ab37b5d7
    dependencies:
    - name: idf
      require: private
      version: '>=5.0'
    source:
      registry_url: https://components.espressif.com/
      type: service
    version: 1.3.1
  espressif/tflite-micro:
    component_hash: 2a0d337899d742197130e08beeb7f14e4ced3484ae3d497f898d3106c6be3af6
    dependencies:
    - name: idf
      version: '>=4.4'
    - name: espressif/esp-nn
      version: ^1.1.0
    source:
      git: https://github.com/espressif/tflite-micro-esp-examples.git
      path: .
      type: git
    version: 772214721682ef2d3eed09cafea777edad55541f
  idf:
    source:
      type: idf
    version: 5.3.1
direct_dependencies:
- espressif/esp32-camera
- espressif/tflite-micro
- idf
manifest_hash: 55934e73c1f286802fb50089f23e31165695c5251aa1bcda0a9f9286808d39aa
target: esp32
version: 2.0.0
